
Microsoft Visual Studio Solution File, Format Version 12.00
# Visual Studio 15
VisualStudioVersion = 15.0.27004.2002
MinimumVisualStudioVersion = 10.0.40219.1
Project("{FAE04EC0-301F-11D3-BF4B-00C04F79EFBC}") = "loop", "loop\loop.csproj", "{2821805B-97E6-4C97-9EB4-9E439CDB12FE}"
EndProject
Global
	GlobalSection(SolutionConfigurationPlatforms) = preSolution
		Debug|Any CPU = Debug|Any CPU
		Release|Any CPU = Release|Any CPU
	EndGlobalSection
	GlobalSection(ProjectConfigurationPlatforms) = postSolution
		{2821805B-97E6-4C97-9EB4-9E439CDB12FE}.Debug|Any CPU.ActiveCfg = Debug|Any CPU
		{2821805B-97E6-4C97-9EB4-9E439CDB12FE}.Debug|Any CPU.Build.0 = Debug|Any CPU
		{2821805B-97E6-4C97-9EB4-9E439CDB12FE}.Release|Any CPU.ActiveCfg = Release|Any CPU
		{2821805B-97E6-4C97-9EB4-9E439CDB12FE}.Release|Any CPU.Build.0 = Release|Any CPU
	EndGlobalSection
	GlobalSection(SolutionProperties) = preSolution
		HideSolutionNode = FALSE
	EndGlobalSection
	GlobalSection(ExtensibilityGlobals) = postSolution
		SolutionGuid = {E7650356-1D13-44F4-917B-54ADE4E6D32A}
	EndGlobalSection
EndGlobal
